
Microsoft Visual Studio Solution File, Format Version 12.00
# Visual Studio Version 16
VisualStudioVersion = 16.0.30503.244
MinimumVisualStudioVersion = 10.0.40219.1
Project("{FAE04EC0-301F-11D3-BF4B-00C04F79EFBC}") = "GoodPS2Manager", "GoodPS2Manager\GoodPS2Manager.csproj", "{3B9AC564-6104-45E6-9419-CF22596B5143}"
EndProject
Global
	GlobalSection(SolutionConfigurationPlatforms) = preSolution
		Debug|Any CPU = Debug|Any CPU
		Release|Any CPU = Release|Any CPU
	EndGlobalSection
	GlobalSection(ProjectConfigurationPlatforms) = postSolution
		{3B9AC564-6104-45E6-9419-CF22596B5143}.Debug|Any CPU.ActiveCfg = Debug|Any CPU
		{3B9AC564-6104-45E6-9419-CF22596B5143}.Debug|Any CPU.Build.0 = Debug|Any CPU
		{3B9AC564-6104-45E6-9419-CF22596B5143}.Release|Any CPU.ActiveCfg = Release|Any CPU
		{3B9AC564-6104-45E6-9419-CF22596B5143}.Release|Any CPU.Build.0 = Release|Any CPU
	EndGlobalSection
	GlobalSection(SolutionProperties) = preSolution
		HideSolutionNode = FALSE
	EndGlobalSection
	GlobalSection(ExtensibilityGlobals) = postSolution
		SolutionGuid = {4A862003-70F0-475E-8559-CB4FCC546606}
	EndGlobalSection
EndGlobal
